
Microsoft Visual Studio Solution File, Format Version 12.00
# Visual Studio 2012
Project("{FAE04EC0-301F-11D3-BF4B-00C04F79EFBC}") = "log4net.NoSql.TestHarness", "log4net.ElasticAppender.TestHarness\log4net.NoSql.TestHarness.csproj", "{6F99B89A-A478-41F3-9A07-715F1B3D26FC}"
EndProject
Project("{FAE04EC0-301F-11D3-BF4B-00C04F79EFBC}") = "log4net.NoSql", "log4net.ElasticAppender\log4net.NoSql.csproj", "{DB0EE590-72AC-490E-BCEF-7C742419D718}"
EndProject
Global
	GlobalSection(SolutionConfigurationPlatforms) = preSolution
		Debug|Any CPU = Debug|Any CPU
		Release|Any CPU = Release|Any CPU
	EndGlobalSection
	GlobalSection(ProjectConfigurationPlatforms) = postSolution
		{6F99B89A-A478-41F3-9A07-715F1B3D26FC}.Debug|Any CPU.ActiveCfg = Debug|Any CPU
		{6F99B89A-A478-41F3-9A07-715F1B3D26FC}.Debug|Any CPU.Build.0 = Debug|Any CPU
		{6F99B89A-A478-41F3-9A07-715F1B3D26FC}.Release|Any CPU.ActiveCfg = Release|Any CPU
		{6F99B89A-A478-41F3-9A07-715F1B3D26FC}.Release|Any CPU.Build.0 = Release|Any CPU
		{DB0EE590-72AC-490E-BCEF-7C742419D718}.Debug|Any CPU.ActiveCfg = Debug|Any CPU
		{DB0EE590-72AC-490E-BCEF-7C742419D718}.Debug|Any CPU.Build.0 = Debug|Any CPU
		{DB0EE590-72AC-490E-BCEF-7C742419D718}.Release|Any CPU.ActiveCfg = Release|Any CPU
		{DB0EE590-72AC-490E-BCEF-7C742419D718}.Release|Any CPU.Build.0 = Release|Any CPU
	EndGlobalSection
	GlobalSection(SolutionProperties) = preSolution
		HideSolutionNode = FALSE
	EndGlobalSection
EndGlobal
